{
  "https://deno.land/x/postgres/packet_writer.ts": "1b5a0b7371743477e8cac88d9016ecf0b3900c4393075f0efdd2cfa3f87fdbdd",
  "https://deno.land/x/oak/negotiation/common.ts": "f54d599d37408005f8c565d0f6505de51fed31feaa3654a7758e2359c006b02c",
  "https://deno.land/std@0.51.0/encoding/utf8.ts": "8654fa820aa69a37ec5eb11908e20b39d056c9bf1c23ab294303ff467f3d50a1",
  "https://deno.land/std@0.51.0/async/mod.ts": "bf46766747775d0fc4070940d20d45fb311c814989485861cdc8a8ef0e3bbbab",
  "https://deno.land/std@0.51.0/path/_globrex.ts": "a88b9da6a150b8d8e87a7b9eef794f97b10e709910071bb57f8619dd2d0291dc",
  "https://deno.land/x/oak/context.ts": "92991e6464c5be8e26203543075c1bd486145573932b88c7bb6bf76149dc34cb",
  "https://deno.land/x/oak/util.ts": "78c61c1d593ebff32c113c771ea16388bec0820004943a40540291c16a1996c0",
  "https://deno.land/x/oak/negotiation/language.ts": "62ef13ea3146538dd52a4666611bd423ebb9a6438e7312398e17a4d16dbafb51",
  "https://deno.land/x/oak/pathToRegExp.ts": "f07bf2d0141d0376eb676d3cfa4a2c08b8798170dde53605a8033744f034bd00",
  "https://deno.land/x/postgres/packet_reader.ts": "1fff29a14da677972d3ae94b8be8efb2d2bf0510e76d5a2cc15800442fb03709",
  "https://deno.land/x/postgres/encode.ts": "b14ba614f3b947f96c7a02ba4752801e26d43b91bc26e8d1637b5789b726103a",
  "https://deno.land/std@0.51.0/path/posix.ts": "b742fe902d5d6821c39c02319eb32fc5a92b4d4424b533c47f1a50610afbf381",
  "https://deno.land/x/postgres/mod.ts": "3b942841a2070dd08c30dd18dec099a66256e1358a2425cd334dd00faf8e68a7",
  "https://deno.land/std@0.51.0/path/common.ts": "95115757c9dc9e433a641f80ee213553b6752aa6fbb87eb9f16f6045898b6b14",
  "https://deno.land/x/oak/router.ts": "32d9cc34e0bf2d22f236b6af73f6e9985f555b10c493857f8971986bca54bea2",
  "https://deno.land/x/oak/application.ts": "293bf283905b7fb296b266ff2b533387bb708a0248ccfce6ba8ef8a615c0bc80",
  "https://deno.land/x/postgres/connection_params.ts": "038b05a12c2fd2fe7d9cbad53d9f941e7aa461e8e2bfea720b986887a6bd35b9",
  "https://deno.land/x/postgres/query.ts": "520f7d6c215211412a7f0eae37bf8a48cfc0462d2356fccb162369fcb897aaed",
  "https://deno.land/x/oak/negotiation/encoding.ts": "b6b351150dfaa37d43c1e4679f0afa7ee70c2fa775d8bc8b9e9baf15bcf65888",
  "https://deno.land/x/postgres/deps.ts": "c7dc3ff988feb7df18f4a96264501606952c3aad330d7173c402f74cba49837d",
  "https://deno.land/x/oak/deps.ts": "13a2453b29497d706b1f148b8653dca92013975f7c99dd41acb0e009084188bf",
  "https://deno.land/x/oak/response.ts": "5cdb29c1520dfbfa04fd30d32bd303f60d03f4966c7b026d48b4508615c32f55",
  "https://deno.land/std/testing/diff.ts": "8f591074fad5d35c0cafa63b1c5334dc3a17d5b934f3b9e07172eed9d5b55553",
  "https://deno.land/x/media_types@v2.3.1/db.ts": "ecbb836ceadc885e53192a9923f054ac2417cbdb1892edf960fd328b1be3f665",
  "https://deno.land/x/postgres/decode.ts": "1483c8f73820283f8e4129713985481c23d7761f58e0d865c6844dc4cdf84039",
  "https://deno.land/x/checksum@1.2.0/hash.ts": "00b68d85a69cc93fc3256dc79749e36b17a7e84dcc89277844d854d90ff0110c",
  "https://deno.land/std@0.51.0/path/win32.ts": "61248a2b252bb8534f54dafb4546863545e150d2016c74a32e2a4cfb8e061b3f",
  "https://deno.land/x/postgres/oid.ts": "90ff200a59195240b250c7e2b86ae95bc40a9b76f677aaa456d19d91d2698c7b",
  "https://deno.land/std@0.51.0/datetime/mod.ts": "b533eb7f7627799e5030131ae80dae4d73e100507a3a1fddc1a34be677de7b1b",
  "https://deno.land/std@0.51.0/http/_io.ts": "025d3735c6b9140fc4bf748bc41dd4e80272de1bc398773ea3e9a8a727cd6032",
  "https://deno.land/x/oak/keyStack.ts": "a490066c90cbfea6b7de73303b9530e68ffbe86ff48b99ff17dab1cc9cf0751f",
  "https://deno.land/x/oak/mod.ts": "4ac534a547a1802fd82e0c141835f5022c0a858551c81be50d14a28f3cbde7fe",
  "https://deno.land/x/checksum@1.2.0/md5.ts": "2c5865aed4ae8ded0c631a5813e87453b4a3696ce23f3738c475ff7f96f5236a",
  "https://deno.land/std@0.51.0/testing/asserts.ts": "213fedbb90a60ae232932c45bd62668f0c5cd17fc0f2a273e96506cba416d181",
  "https://deno.land/x/oak/negotiation/charset.ts": "b4c2e0c49dd5122f130f95bf29508448d983c424801b5bc304b00288b5ae3195",
  "https://deno.land/std@0.51.0/async/mux_async_iterator.ts": "e2a4c2c53aee22374b493b88dfa08ad893bc352c8aeea34f1e543e938ec6ccc6",
  "https://deno.land/x/oak/middleware.ts": "aac7ab52d12e86905833c23a1683ec1fe4186ceaf83fdb039d77af5599a4eb57",
  "https://deno.land/x/postgres/deferred.ts": "de077878ddaf09829679d08a20b94be91ceba64ce261e5f5e2bc1f621dea3b4c",
  "https://deno.land/std/fmt/colors.ts": "127ce39ca2ad9714d4ada8d61367f540d76b5b0462263aa839166876b522d3de",
  "https://deno.land/x/oak/tssCompare.ts": "e72cc0039d561bf2a56746194cf647376d686f9dcdc4a500285631ab6fb9c774",
  "https://deno.land/std@0.51.0/fmt/colors.ts": "127ce39ca2ad9714d4ada8d61367f540d76b5b0462263aa839166876b522d3de",
  "https://deno.land/std@0.51.0/path/_util.ts": "b678a7ecbac6b04c1166832ae54e1024c0431dd2b340b013c46eb2956ab24d4c",
  "https://deno.land/std@0.51.0/path/separator.ts": "7bdb45c19c5c934c49c69faae861b592ef17e6699a923449d3eaaf83ec4e7919",
  "https://deno.land/x/media_types@v2.3.1/deps.ts": "02a37b0bef1e1aed7afcac7fd482aecd2598722914239ff5ca1cae0a8b7cd2ca",
  "https://deno.land/std@0.51.0/path/interface.ts": "89f6e68b0e3bba1401a740c8d688290957de028ed86f95eafe76fe93790ae450",
  "https://deno.land/std@0.51.0/path/glob.ts": "ab85e98e4590eae10e561ce8266ad93ebe5af2b68c34dc68b85d9e25bccb4eb7",
  "https://deno.land/x/oak/httpError.ts": "a8049129e86b02305da26e82f1d916456a006f2d653f519c4413cdf7682245dd",
  "https://deno.land/std@0.51.0/http/server.ts": "d2b977c100d830262d8525915c3f676ce33f1e986926a3cdbc81323cf724b599",
  "https://deno.land/x/oak/mediaTyper.ts": "042b853fc8e9c3f6c628dd389e03ef481552bf07242efc3f8a1af042102a6105",
  "https://deno.land/x/checksum@1.2.0/mod.ts": "c3f22c227cd45bf7d54b677285c19da9496071f6c1ac57bf90ae82ebf25868e5",
  "https://deno.land/std/testing/asserts.ts": "1dc683a61218e2d8c5e9e87e3602a347000288fb207b4d7301414935620e24b3",
  "https://deno.land/x/media_types@v2.3.1/mod.ts": "d8bd0fbb6047902b02ee2f30d1689adbab169893c418639040ef22bfa92e9896",
  "https://deno.land/x/postgres/pool.ts": "6bbac355c628f63a6849dc4573c8c506359438f166b3457de85d2c3724b02ae4",
  "https://deno.land/x/postgres/connection.ts": "459f8ee2e4a164287efa7d7564073710d30b50f499257816ef0cbdc68a34a172",
  "https://deno.land/std@0.51.0/textproto/mod.ts": "3118d7a42c03c242c5a49c2ad91c8396110e14acca1324e7aaefd31a999b71a4",
  "https://deno.land/x/oak/request.ts": "3147e8ab4a5597dc9b7e652e290b184c90875d333c58cebc9a3fb4cba40d1500",
  "https://deno.land/std@0.51.0/async/delay.ts": "35957d585a6e3dd87706858fb1d6b551cb278271b03f52c5a2cb70e65e00c26a",
  "https://deno.land/x/oak/negotiation/mediaType.ts": "7e25cc34600beea3bf0b0879ff1783c752260fcb517dffea2e122830c36e8451",
  "https://deno.land/x/oak/cookies.ts": "fb6d6476dc713d0fb230266eeced7204964187856dcfa44872f9b7880667891f",
  "https://deno.land/std@0.51.0/io/util.ts": "ae133d310a0fdcf298cea7bc09a599c49acb616d34e148e263bcb02976f80dee",
  "https://deno.land/x/oak/isMediaType.ts": "77b94675822d7de7f6af21bb765ed9f25b956c7ac4d292dd66c2ecb9ea9478e5",
  "https://deno.land/x/postgres/client.ts": "666c9671575c2e589c510381cb7bde6a86a9199997d7cee8dfb6e9f853ad68ec",
  "https://deno.land/x/postgres/error.ts": "56888823da2384a78d4b33ff1def3c7bc6972f2c7531dc9841d295ece288e88a",
  "https://deno.land/std@0.51.0/hash/sha256.ts": "be221d53ae2d1391ed5c47c368bccd0b79582793b2a736ccdcce8b4fc3a5aef5",
  "https://deno.land/std@0.51.0/path/mod.ts": "a789541f8df9170311daa98313c5a76c06b5988f2948647957b3ec6e017d963e",
  "https://deno.land/std@0.51.0/bytes/mod.ts": "784b292a65f6879bd39d81cb24590be1140fb4cce74bd4a149f67f2b647ad728",
  "https://deno.land/x/checksum@1.2.0/sha1.ts": "5769e11a1c47f2c52c1be16c97c50a476e9ae4f5497bf3e66ed09032aac779db",
  "https://deno.land/std@0.51.0/async/deferred.ts": "ac95025f46580cf5197928ba90995d87f26e202c19ad961bc4e3177310894cdc",
  "https://deno.land/x/postgres/utils.ts": "184fc14e3213d2acd06c906c49fb90ea57f73ed11c539964c8a8a6620af626da",
  "https://deno.land/std@0.51.0/http/cookie.ts": "71c7b615837acfa2689e55691e8a1741e27cba9c48239f80bb168d77dcc65801",
  "https://deno.land/std@0.51.0/io/bufio.ts": "3dd55426bc8b1e27c7f006847ac0bfefb4c0d5144ba2df2d93944dc37114a6e0",
  "https://deno.land/std@0.51.0/testing/diff.ts": "8f591074fad5d35c0cafa63b1c5334dc3a17d5b934f3b9e07172eed9d5b55553",
  "https://deno.land/std@0.51.0/path/_constants.ts": "f6c332625f21d49d5a69414ba0956ac784dbf4b26a278041308e4914ba1c7e2e",
  "https://deno.land/x/oak/send.ts": "55531355ae50e9c40e8abd394e9056cc6f1d2722d36a5b3486b49f4bb4a6491a",
  "https://deno.land/std@0.51.0/http/http_status.ts": "84ae4289053c4f045cd655fd3b05f33ce62c685bdc0eac2210b12d827ffa7157"
}